// !$*UTF8*$!
{
	archiveVersion = 1;
	classes = {
	};
	objectVersion = 50;
	objects = {

/* Begin PBXBuildFile section */
		2D53EC1D2135BEF800C89F69 /* AppDelegate.swift in Sources */ = {isa = PBXBuildFile; fileRef = 2D53EC1C2135BEF800C89F69 /* AppDelegate.swift */; };
		2D53EC1F2135BEF800C89F69 /* ViewController.swift in Sources */ = {isa = PBXBuildFile; fileRef = 2D53EC1E2135BEF800C89F69 /* ViewController.swift */; };
		2D53EC222135BEF800C89F69 /* Main.storyboard in Resources */ = {isa = PBXBuildFile; fileRef = 2D53EC202135BEF800C89F69 /* Main.storyboard */; };
		2D53EC242135BEF900C89F69 /* Assets.xcassets in Resources */ = {isa = PBXBuildFile; fileRef = 2D53EC232135BEF900C89F69 /* Assets.xcassets */; };
		2D53EC272135BEF900C89F69 /* LaunchScreen.storyboard in Resources */ = {isa = PBXBuildFile; fileRef = 2D53EC252135BEF900C89F69 /* LaunchScreen.storyboard */; };
		2D53EC322135BEF900C89F69 /* Guessing_IOS_appTests.swift in Sources */ = {isa = PBXBuildFile; fileRef = 2D53EC312135BEF900C89F69 /* Guessing_IOS_appTests.swift */; };
		2D53EC3D2135BEF900C89F69 /* Guessing_IOS_appUITests.swift in Sources */ = {isa = PBXBuildFile; fileRef = 2D53EC3C2135BEF900C89F69 /* Guessing_IOS_appUITests.swift */; };
/* End PBXBuildFile section */

/* Begin PBXContainerItemProxy section */
		2D53EC2E2135BEF900C89F69 /* PBXContainerItemProxy */ = {
			isa = PBXContainerItemProxy;
			containerPortal = 2D53EC112135BEF800C89F69 /* Project object */;
			proxyType = 1;
			remoteGlobalIDString = 2D53EC182135BEF800C89F69;
			remoteInfo = "Guessing IOS app";
		};
		2D53EC392135BEF900C89F69 /* PBXContainerItemProxy */ = {
			isa = PBXContainerItemProxy;
			containerPortal = 2D53EC112135BEF800C89F69 /* Project object */;
			proxyType = 1;
			remoteGlobalIDString = 2D53EC182135BEF800C89F69;
			remoteInfo = "Guessing IOS app";
		};
/* End PBXContainerItemProxy section */

/* Begin PBXFileReference section */
		2D53EC192135BEF800C89F69 /* Guessing IOS app.app */ = {isa = PBXFileReference; explicitFileType = wrapper.application; includeInIndex = 0; path = "Guessing IOS app.app"; sourceTree = BUILT_PRODUCTS_DIR; };
		2D53EC1C2135BEF800C89F69 /* AppDelegate.swift */ = {isa = PBXFileReference; lastKnownFileType = sourcecode.swift; path = AppDelegate.swift; sourceTree = "<group>"; };
		2D53EC1E2135BEF800C89F69 /* ViewController.swift */ = {isa = PBXFileReference; lastKnownFileType = sourcecode.swift; path = ViewController.swift; sourceTree = "<group>"; };
		2D53EC212135BEF800C89F69 /* Base */ = {isa = PBXFileReference; lastKnownFileType = file.storyboard; name = Base; path = Base.lproj/Main.storyboard; sourceTree = "<group>"; };
		2D53EC232135BEF900C89F69 /* Assets.xcassets */ = {isa = PBXFileReference; lastKnownFileType = folder.assetcatalog; path = Assets.xcassets; sourceTree = "<group>"; };
		2D53EC262135BEF900C89F69 /* Base */ = {isa = PBXFileReference; lastKnownFileType = file.storyboard; name = Base; path = Base.lproj/LaunchScreen.storyboard; sourceTree = "<group>"; };
		2D53EC282135BEF900C89F69 /* Info.plist */ = {isa = PBXFileReference; lastKnownFileType = text.plist.xml; path = Info.plist; sourceTree = "<group>"; };
		2D53EC2D2135BEF900C89F69 /* Guessing IOS appTests.xctest */ = {isa = PBXFileReference; explicitFileType = wrapper.cfbundle; includeInIndex = 0; path = "Guessing IOS appTests.xctest"; sourceTree = BUILT_PRODUCTS_DIR; };
		2D53EC312135BEF900C89F69 /* Guessing_IOS_appTests.swift */ = {isa = PBXFileReference; lastKnownFileType = sourcecode.swift; path = Guessing_IOS_appTests.swift; sourceTree = "<group>"; };
		2D53EC332135BEF900C89F69 /* Info.plist */ = {isa = PBXFileReference; lastKnownFileType = text.plist.xml; path = Info.plist; sourceTree = "<group>"; };
		2D53EC382135BEF900C89F69 /* Guessing IOS appUITests.xctest */ = {isa = PBXFileReference; explicitFileType = wrapper.cfbundle; includeInIndex = 0; path = "Guessing IOS appUITests.xctest"; sourceTree = BUILT_PRODUCTS_DIR; };
		2D53EC3C2135BEF900C89F69 /* Guessing_IOS_appUITests.swift */ = {isa = PBXFileReference; lastKnownFileType = sourcecode.swift; path = Guessing_IOS_appUITests.swift; sourceTree = "<group>"; };
		2D53EC3E2135BEF900C89F69 /* Info.plist */ = {isa = PBXFileReference; lastKnownFileType = text.plist.xml; path = Info.plist; sourceTree = "<group>"; };
/* End PBXFileReference section */

/* Begin PBXFrameworksBuildPhase section */
		2D53EC162135BEF800C89F69 /* Frameworks */ = {
			isa = PBXFrameworksBuildPhase;
			buildActionMask = 2147483647;
			files = (
			);
			runOnlyForDeploymentPostprocessing = 0;
		};
		2D53EC2A2135BEF900C89F69 /* Frameworks */ = {
			isa = PBXFrameworksBuildPhase;
			buildActionMask = 2147483647;
			files = (
			);
			runOnlyForDeploymentPostprocessing = 0;
		};
		2D53EC352135BEF900C89F69 /* Frameworks */ = {
			isa = PBXFrameworksBuildPhase;
			buildActionMask = 2147483647;
			files = (
			);
			runOnlyForDeploymentPostprocessing = 0;
		};
/* End PBXFrameworksBuildPhase section */

/* Begin PBXGroup section */
		2D53EC102135BEF800C89F69 = {
			isa = PBXGroup;
			children = (
				2D53EC1B2135BEF800C89F69 /* Guessing IOS app */,
				2D53EC302135BEF900C89F69 /* Guessing IOS appTests */,
				2D53EC3B2135BEF900C89F69 /* Guessing IOS appUITests */,
				2D53EC1A2135BEF800C89F69 /* Products */,
			);
			sourceTree = "<group>";
		};
		2D53EC1A2135BEF800C89F69 /* Products */ = {
			isa = PBXGroup;
			children = (
				2D53EC192135BEF800C89F69 /* Guessing IOS app.app */,
				2D53EC2D2135BEF900C89F69 /* Guessing IOS appTests.xctest */,
				2D53EC382135BEF900C89F69 /* Guessing IOS appUITests.xctest */,
			);
			name = Products;
			sourceTree = "<group>";
		};
		2D53EC1B2135BEF800C89F69 /* Guessing IOS app */ = {
			isa = PBXGroup;
			children = (
				2D53EC1C2135BEF800C89F69 /* AppDelegate.swift */,
				2D53EC1E2135BEF800C89F69 /* ViewController.swift */,
				2D53EC202135BEF800C89F69 /* Main.storyboard */,
				2D53EC232135BEF900C89F69 /* Assets.xcassets */,
				2D53EC252135BEF900C89F69 /* LaunchScreen.storyboard */,
				2D53EC282135BEF900C89F69 /* Info.plist */,
			);
			path = "Guessing IOS app";
			sourceTree = "<group>";
		};
		2D53EC302135BEF900C89F69 /* Guessing IOS appTests */ = {
			isa = PBXGroup;
			children = (
				2D53EC312135BEF900C89F69 /* Guessing_IOS_appTests.swift */,
				2D53EC332135BEF900C89F69 /* Info.plist */,
			);
			path = "Guessing IOS appTests";
			sourceTree = "<group>";
		};
		2D53EC3B2135BEF900C89F69 /* Guessing IOS appUITests */ = {
			isa = PBXGroup;
			children = (
				2D53EC3C2135BEF900C89F69 /* Guessing_IOS_appUITests.swift */,
				2D53EC3E2135BEF900C89F69 /* Info.plist */,
			);
			path = "Guessing IOS appUITests";
			sourceTree = "<group>";
		};
/* End PBXGroup section */

/* Begin PBXNativeTarget section */
		2D53EC182135BEF800C89F69 /* Guessing IOS app */ = {
			isa = PBXNativeTarget;
			buildConfigurationList = 2D53EC412135BEF900C89F69 /* Build configuration list for PBXNativeTarget "Guessing IOS app" */;
			buildPhases = (
				2D53EC152135BEF800C89F69 /* Sources */,
				2D53EC162135BEF800C89F69 /* Frameworks */,
				2D53EC172135BEF800C89F69 /* Resources */,
			);
			buildRules = (
			);
			dependencies = (
			);
			name = "Guessing IOS app";
			productName = "Guessing IOS app";
			productReference = 2D53EC192135BEF800C89F69 /* Guessing IOS app.app */;
			productType = "com.apple.product-type.application";
		};
		2D53EC2C2135BEF900C89F69 /* Guessing IOS appTests */ = {
			isa = PBXNativeTarget;
			buildConfigurationList = 2D53EC442135BEF900C89F69 /* Build configuration list for PBXNativeTarget "Guessing IOS appTests" */;
			buildPhases = (
				2D53EC292135BEF900C89F69 /* Sources */,
				2D53EC2A2135BEF900C89F69 /* Frameworks */,
				2D53EC2B2135BEF900C89F69 /* Resources */,
			);
			buildRules = (
			);
			dependencies = (
				2D53EC2F2135BEF900C89F69 /* PBXTargetDependency */,
			);
			name = "Guessing IOS appTests";
			productName = "Guessing IOS appTests";
			productReference = 2D53EC2D2135BEF900C89F69 /* Guessing IOS appTests.xctest */;
			productType = "com.apple.product-type.bundle.unit-test";
		};
		2D53EC372135BEF900C89F69 /* Guessing IOS appUITests */ = {
			isa = PBXNativeTarget;
			buildConfigurationList = 2D53EC472135BEF900C89F69 /* Build configuration list for PBXNativeTarget "Guessing IOS appUITests" */;
			buildPhases = (
				2D53EC342135BEF900C89F69 /* Sources */,
				2D53EC352135BEF900C89F69 /* Frameworks */,
				2D53EC362135BEF900C89F69 /* Resources */,
			);
			buildRules = (
			);
			dependencies = (
				2D53EC3A2135BEF900C89F69 /* PBXTargetDependency */,
			);
			name = "Guessing IOS appUITests";
			productName = "Guessing IOS appUITests";
			productReference = 2D53EC382135BEF900C89F69 /* Guessing IOS appUITests.xctest */;
			productType = "com.apple.product-type.bundle.ui-testing";
		};
/* End PBXNativeTarget section */

/* Begin PBXProject section */
		2D53EC112135BEF800C89F69 /* Project object */ = {
			isa = PBXProject;
			attributes = {
				LastSwiftUpdateCheck = 0940;
				LastUpgradeCheck = 0940;
				ORGANIZATIONNAME = "Dakota Brown";
				TargetAttributes = {
					2D53EC182135BEF800C89F69 = {
						CreatedOnToolsVersion = 9.4.1;
					};
					2D53EC2C2135BEF900C89F69 = {
						CreatedOnToolsVersion = 9.4.1;
						TestTargetID = 2D53EC182135BEF800C89F69;
					};
					2D53EC372135BEF900C89F69 = {
						CreatedOnToolsVersion = 9.4.1;
						TestTargetID = 2D53EC182135BEF800C89F69;
					};
				};
			};
			buildConfigurationList = 2D53EC142135BEF800C89F69 /* Build configuration list for PBXProject "Guessing IOS app" */;
			compatibilityVersion = "Xcode 9.3";
			developmentRegion = en;
			hasScannedForEncodings = 0;
			knownRegions = (
				en,
				Base,
			);
			mainGroup = 2D53EC102135BEF800C89F69;
			productRefGroup = 2D53EC1A2135BEF800C89F69 /* Products */;
			projectDirPath = "";
			projectRoot = "";
			targets = (
				2D53EC182135BEF800C89F69 /* Guessing IOS app */,
				2D53EC2C2135BEF900C89F69 /* Guessing IOS appTests */,
				2D53EC372135BEF900C89F69 /* Guessing IOS appUITests */,
			);
		};
/* End PBXProject section */

/* Begin PBXResourcesBuildPhase section */
		2D53EC172135BEF800C89F69 /* Resources */ = {
			isa = PBXResourcesBuildPhase;
			buildActionMask = 2147483647;
			files = (
				2D53EC272135BEF900C89F69 /* LaunchScreen.storyboard in Resources */,
				2D53EC242135BEF900C89F69 /* Assets.xcassets in Resources */,
				2D53EC222135BEF800C89F69 /* Main.storyboard in Resources */,
			);
			runOnlyForDeploymentPostprocessing = 0;
		};
		2D53EC2B2135BEF900C89F69 /* Resources */ = {
			isa = PBXResourcesBuildPhase;
			buildActionMask = 2147483647;
			files = (
			);
			runOnlyForDeploymentPostprocessing = 0;
		};
		2D53EC362135BEF900C89F69 /* Resources */ = {
			isa = PBXResourcesBuildPhase;
			buildActionMask = 2147483647;
			files = (
			);
			runOnlyForDeploymentPostprocessing = 0;
		};
/* End PBXResourcesBuildPhase section */

/* Begin PBXSourcesBuildPhase section */
		2D53EC152135BEF800C89F69 /* Sources */ = {
			isa = PBXSourcesBuildPhase;
			buildActionMask = 2147483647;
			files = (
				2D53EC1F2135BEF800C89F69 /* ViewController.swift in Sources */,
				2D53EC1D2135BEF800C89F69 /* AppDelegate.swift in Sources */,
			);
			runOnlyForDeploymentPostprocessing = 0;
		};
		2D53EC292135BEF900C89F69 /* Sources */ = {
			isa = PBXSourcesBuildPhase;
			buildActionMask = 2147483647;
			files = (
				2D53EC322135BEF900C89F69 /* Guessing_IOS_appTests.swift in Sources */,
			);
			runOnlyForDeploymentPostprocessing = 0;
		};
		2D53EC342135BEF900C89F69 /* Sources */ = {
			isa = PBXSourcesBuildPhase;
			buildActionMask = 2147483647;
			files = (
				2D53EC3D2135BEF900C89F69 /* Guessing_IOS_appUITests.swift in Sources */,
			);
			runOnlyForDeploymentPostprocessing = 0;
		};
/* End PBXSourcesBuildPhase section */

/* Begin PBXTargetDependency section */
		2D53EC2F2135BEF900C89F69 /* PBXTargetDependency */ = {
			isa = PBXTargetDependency;
			target = 2D53EC182135BEF800C89F69 /* Guessing IOS app */;
			targetProxy = 2D53EC2E2135BEF900C89F69 /* PBXContainerItemProxy */;
		};
		2D53EC3A2135BEF900C89F69 /* PBXTargetDependency */ = {
			isa = PBXTargetDependency;
			target = 2D53EC182135BEF800C89F69 /* Guessing IOS app */;
			targetProxy = 2D53EC392135BEF900C89F69 /* PBXContainerItemProxy */;
		};
/* End PBXTargetDependency section */

/* Begin PBXVariantGroup section */
		2D53EC202135BEF800C89F69 /* Main.storyboard */ = {
			isa = PBXVariantGroup;
			children = (
				2D53EC212135BEF800C89F69 /* Base */,
			);
			name = Main.storyboard;
			sourceTree = "<group>";
		};
		2D53EC252135BEF900C89F69 /* LaunchScreen.storyboard */ = {
			isa = PBXVariantGroup;
			children = (
				2D53EC262135BEF900C89F69 /* Base */,
			);
			name = LaunchScreen.storyboard;
			sourceTree = "<group>";
		};
/* End PBXVariantGroup section */

/* Begin XCBuildConfiguration section */
		2D53EC3F2135BEF900C89F69 /* Debug */ = {
			isa = XCBuildConfiguration;
			buildSettings = {
				ALWAYS_SEARCH_USER_PATHS = NO;
				CLANG_ANALYZER_NONNULL = YES;
				CLANG_ANALYZER_NUMBER_OBJECT_CONVERSION = YES_AGGRESSIVE;
				CLANG_CXX_LANGUAGE_STANDARD = "gnu++14";
				CLANG_CXX_LIBRARY = "libc++";
				CLANG_ENABLE_MODULES = YES;
				CLANG_ENABLE_OBJC_ARC = YES;
				CLANG_ENABLE_OBJC_WEAK = YES;
				CLANG_WARN_BLOCK_CAPTURE_AUTORELEASING = YES;
				CLANG_WARN_BOOL_CONVERSION = YES;
				CLANG_WARN_COMMA = YES;
				CLANG_WARN_CONSTANT_CONVERSION = YES;
				CLANG_WARN_DEPRECATED_OBJC_IMPLEMENTATIONS = YES;
				CLANG_WARN_DIRECT_OBJC_ISA_USAGE = YES_ERROR;
				CLANG_WARN_DOCUMENTATION_COMMENTS = YES;
				CLANG_WARN_EMPTY_BODY = YES;
				CLANG_WARN_ENUM_CONVERSION = YES;
				CLANG_WARN_INFINITE_RECURSION = YES;
				CLANG_WARN_INT_CONVERSION = YES;
				CLANG_WARN_NON_LITERAL_NULL_CONVERSION = YES;
				CLANG_WARN_OBJC_IMPLICIT_RETAIN_SELF = YES;
				CLANG_WARN_OBJC_LITERAL_CONVERSION = YES;
				CLANG_WARN_OBJC_ROOT_CLASS = YES_ERROR;
				CLANG_WARN_RANGE_LOOP_ANALYSIS = YES;
				CLANG_WARN_STRICT_PROTOTYPES = YES;
				CLANG_WARN_SUSPICIOUS_MOVE = YES;
				CLANG_WARN_UNGUARDED_AVAILABILITY = YES_AGGRESSIVE;
				CLANG_WARN_UNREACHABLE_CODE = YES;
				CLANG_WARN__DUPLICATE_METHOD_MATCH = YES;
				CODE_SIGN_IDENTITY = "iPhone Developer";
				COPY_PHASE_STRIP = NO;
				DEBUG_INFORMATION_FORMAT = dwarf;
				ENABLE_STRICT_OBJC_MSGSEND = YES;
				ENABLE_TESTABILITY = YES;
				GCC_C_LANGUAGE_STANDARD = gnu11;
				GCC_DYNAMIC_NO_PIC = NO;
				GCC_NO_COMMON_BLOCKS = YES;
				GCC_OPTIMIZATION_LEVEL = 0;
				GCC_PREPROCESSOR_DEFINITIONS = (
					"DEBUG=1",
					"$(inherited)",
				);
				GCC_WARN_64_TO_32_BIT_CONVERSION = YES;
				GCC_WARN_ABOUT_RETURN_TYPE = YES_ERROR;
				GCC_WARN_UNDECLARED_SELECTOR = YES;
				GCC_WARN_UNINITIALIZED_AUTOS = YES_AGGRESSIVE;
				GCC_WARN_UNUSED_FUNCTION = YES;
				GCC_WARN_UNUSED_VARIABLE = YES;
				IPHONEOS_DEPLOYMENT_TARGET = 11.4;
				MTL_ENABLE_DEBUG_INFO = YES;
				ONLY_ACTIVE_ARCH = YES;
				SDKROOT = iphoneos;
				SWIFT_ACTIVE_COMPILATION_CONDITIONS = DEBUG;
				SWIFT_OPTIMIZATION_LEVEL = "-Onone";
			};
			name = Debug;
		};
		2D53EC402135BEF900C89F69 /* Release */ = {
			isa = XCBuildConfiguration;
			buildSettings = {
				ALWAYS_SEARCH_USER_PATHS = NO;
				CLANG_ANALYZER_NONNULL = YES;
				CLANG_ANALYZER_NUMBER_OBJECT_CONVERSION = YES_AGGRESSIVE;
				CLANG_CXX_LANGUAGE_STANDARD = "gnu++14";
				CLANG_CXX_LIBRARY = "libc++";
				CLANG_ENABLE_MODULES = YES;
				CLANG_ENABLE_OBJC_ARC = YES;
				CLANG_ENABLE_OBJC_WEAK = YES;
				CLANG_WARN_BLOCK_CAPTURE_AUTORELEASING = YES;
				CLANG_WARN_BOOL_CONVERSION = YES;
				CLANG_WARN_COMMA = YES;
				CLANG_WARN_CONSTANT_CONVERSION = YES;
				CLANG_WARN_DEPRECATED_OBJC_IMPLEMENTATIONS = YES;
				CLANG_WARN_DIRECT_OBJC_ISA_USAGE = YES_ERROR;
				CLANG_WARN_DOCUMENTATION_COMMENTS = YES;
				CLANG_WARN_EMPTY_BODY = YES;
				CLANG_WARN_ENUM_CONVERSION = YES;
				CLANG_WARN_INFINITE_RECURSION = YES;
				CLANG_WARN_INT_CONVERSION = YES;
				CLANG_WARN_NON_LITERAL_NULL_CONVERSION = YES;
				CLANG_WARN_OBJC_IMPLICIT_RETAIN_SELF = YES;
				CLANG_WARN_OBJC_LITERAL_CONVERSION = YES;
				CLANG_WARN_OBJC_ROOT_CLASS = YES_ERROR;
				CLANG_WARN_RANGE_LOOP_ANALYSIS = YES;
				CLANG_WARN_STRICT_PROTOTYPES = YES;
				CLANG_WARN_SUSPICIOUS_MOVE = YES;
				CLANG_WARN_UNGUARDED_AVAILABILITY = YES_AGGRESSIVE;
				CLANG_WARN_UNREACHABLE_CODE = YES;
				CLANG_WARN__DUPLICATE_METHOD_MATCH = YES;
				CODE_SIGN_IDENTITY = "iPhone Developer";
				COPY_PHASE_STRIP = NO;
				DEBUG_INFORMATION_FORMAT = "dwarf-with-dsym";
				ENABLE_NS_ASSERTIONS = NO;
				ENABLE_STRICT_OBJC_MSGSEND = YES;
				GCC_C_LANGUAGE_STANDARD = gnu11;
				GCC_NO_COMMON_BLOCKS = YES;
				GCC_WARN_64_TO_32_BIT_CONVERSION = YES;
				GCC_WARN_ABOUT_RETURN_TYPE = YES_ERROR;
				GCC_WARN_UNDECLARED_SELECTOR = YES;
				GCC_WARN_UNINITIALIZED_AUTOS = YES_AGGRESSIVE;
				GCC_WARN_UNUSED_FUNCTION = YES;
				GCC_WARN_UNUSED_VARIABLE = YES;
				IPHONEOS_DEPLOYMENT_TARGET = 11.4;
				MTL_ENABLE_DEBUG_INFO = NO;
				SDKROOT = iphoneos;
				SWIFT_COMPILATION_MODE = wholemodule;
				SWIFT_OPTIMIZATION_LEVEL = "-O";
				VALIDATE_PRODUCT = YES;
			};
			name = Release;
		};
		2D53EC422135BEF900C89F69 /* Debug */ = {
			isa = XCBuildConfiguration;
			buildSettings = {
				ASSETCATALOG_COMPILER_APPICON_NAME = AppIcon;
				CODE_SIGN_STYLE = Automatic;
				INFOPLIST_FILE = "Guessing IOS app/Info.plist";
				LD_RUNPATH_SEARCH_PATHS = (
					"$(inherited)",
					"@executable_path/Frameworks",
				);
				PRODUCT_BUNDLE_IDENTIFIER = "brown.dakota.Guessing-IOS-app";
				PRODUCT_NAME = "$(TARGET_NAME)";
				SWIFT_VERSION = 4.0;
				TARGETED_DEVICE_FAMILY = "1,2";
			};
			name = Debug;
		};
		2D53EC432135BEF900C89F69 /* Release */ = {
			isa = XCBuildConfiguration;
			buildSettings = {
				ASSETCATALOG_COMPILER_APPICON_NAME = AppIcon;
				CODE_SIGN_STYLE = Automatic;
				INFOPLIST_FILE = "Guessing IOS app/Info.plist";
				LD_RUNPATH_SEARCH_PATHS = (
					"$(inherited)",
					"@executable_path/Frameworks",
				);
				PRODUCT_BUNDLE_IDENTIFIER = "brown.dakota.Guessing-IOS-app";
				PRODUCT_NAME = "$(TARGET_NAME)";
				SWIFT_VERSION = 4.0;
				TARGETED_DEVICE_FAMILY = "1,2";
			};
			name = Release;
		};
		2D53EC452135BEF900C89F69 /* Debug */ = {
			isa = XCBuildConfiguration;
			buildSettings = {
				ALWAYS_EMBED_SWIFT_STANDARD_LIBRARIES = YES;
				BUNDLE_LOADER = "$(TEST_HOST)";
				CODE_SIGN_STYLE = Automatic;
				INFOPLIST_FILE = "Guessing IOS appTests/Info.plist";
				LD_RUNPATH_SEARCH_PATHS = (
					"$(inherited)",
					"@executable_path/Frameworks",
					"@loader_path/Frameworks",
				);
				PRODUCT_BUNDLE_IDENTIFIER = "brown.dakota.Guessing-IOS-appTests";
				PRODUCT_NAME = "$(TARGET_NAME)";
				SWIFT_VERSION = 4.0;
				TARGETED_DEVICE_FAMILY = "1,2";
				TEST_HOST = "$(BUILT_PRODUCTS_DIR)/Guessing IOS app.app/Guessing IOS app";
			};
			name = Debug;
		};
		2D53EC462135BEF900C89F69 /* Release */ = {
			isa = XCBuildConfiguration;
			buildSettings = {
				ALWAYS_EMBED_SWIFT_STANDARD_LIBRARIES = YES;
				BUNDLE_LOADER = "$(TEST_HOST)";
				CODE_SIGN_STYLE = Automatic;
				INFOPLIST_FILE = "Guessing IOS appTests/Info.plist";
				LD_RUNPATH_SEARCH_PATHS = (
					"$(inherited)",
					"@executable_path/Frameworks",
					"@loader_path/Frameworks",
				);
				PRODUCT_BUNDLE_IDENTIFIER = "brown.dakota.Guessing-IOS-appTests";
				PRODUCT_NAME = "$(TARGET_NAME)";
				SWIFT_VERSION = 4.0;
				TARGETED_DEVICE_FAMILY = "1,2";
				TEST_HOST = "$(BUILT_PRODUCTS_DIR)/Guessing IOS app.app/Guessing IOS app";
			};
			name = Release;
		};
		2D53EC482135BEF900C89F69 /* Debug */ = {
			isa = XCBuildConfiguration;
			buildSettings = {
				ALWAYS_EMBED_SWIFT_STANDARD_LIBRARIES = YES;
				CODE_SIGN_STYLE = Automatic;
				INFOPLIST_FILE = "Guessing IOS appUITests/Info.plist";
				LD_RUNPATH_SEARCH_PATHS = (
					"$(inherited)",
					"@executable_path/Frameworks",
					"@loader_path/Frameworks",
				);
				PRODUCT_BUNDLE_IDENTIFIER = "brown.dakota.Guessing-IOS-appUITests";
				PRODUCT_NAME = "$(TARGET_NAME)";
				SWIFT_VERSION = 4.0;
				TARGETED_DEVICE_FAMILY = "1,2";
				TEST_TARGET_NAME = "Guessing IOS app";
			};
			name = Debug;
		};
		2D53EC492135BEF900C89F69 /* Release */ = {
			isa = XCBuildConfiguration;
			buildSettings = {
				ALWAYS_EMBED_SWIFT_STANDARD_LIBRARIES = YES;
				CODE_SIGN_STYLE = Automatic;
				INFOPLIST_FILE = "Guessing IOS appUITests/Info.plist";
				LD_RUNPATH_SEARCH_PATHS = (
					"$(inherited)",
					"@executable_path/Frameworks",
					"@loader_path/Frameworks",
				);
				PRODUCT_BUNDLE_IDENTIFIER = "brown.dakota.Guessing-IOS-appUITests";
				PRODUCT_NAME = "$(TARGET_NAME)";
				SWIFT_VERSION = 4.0;
				TARGETED_DEVICE_FAMILY = "1,2";
				TEST_TARGET_NAME = "Guessing IOS app";
			};
			name = Release;
		};
/* End XCBuildConfiguration section */

/* Begin XCConfigurationList section */
		2D53EC142135BEF800C89F69 /* Build configuration list for PBXProject "Guessing IOS app" */ = {
			isa = XCConfigurationList;
			buildConfigurations = (
				2D53EC3F2135BEF900C89F69 /* Debug */,
				2D53EC402135BEF900C89F69 /* Release */,
			);
			defaultConfigurationIsVisible = 0;
			defaultConfigurationName = Release;
		};
		2D53EC412135BEF900C89F69 /* Build configuration list for PBXNativeTarget "Guessing IOS app" */ = {
			isa = XCConfigurationList;
			buildConfigurations = (
				2D53EC422135BEF900C89F69 /* Debug */,
				2D53EC432135BEF900C89F69 /* Release */,
			);
			defaultConfigurationIsVisible = 0;
			defaultConfigurationName = Release;
		};
		2D53EC442135BEF900C89F69 /* Build configuration list for PBXNativeTarget "Guessing IOS appTests" */ = {
			isa = XCConfigurationList;
			buildConfigurations = (
				2D53EC452135BEF900C89F69 /* Debug */,
				2D53EC462135BEF900C89F69 /* Release */,
			);
			defaultConfigurationIsVisible = 0;
			defaultConfigurationName = Release;
		};
		2D53EC472135BEF900C89F69 /* Build configuration list for PBXNativeTarget "Guessing IOS appUITests" */ = {
			isa = XCConfigurationList;
			buildConfigurations = (
				2D53EC482135BEF900C89F69 /* Debug */,
				2D53EC492135BEF900C89F69 /* Release */,
			);
			defaultConfigurationIsVisible = 0;
			defaultConfigurationName = Release;
		};
/* End XCConfigurationList section */
	};
	rootObject = 2D53EC112135BEF800C89F69 /* Project object */;
}
